
Microsoft Visual Studio Solution File, Format Version 12.00
# Visual Studio Version 17
VisualStudioVersion = 17.4.33213.308
MinimumVisualStudioVersion = 10.0.40219.1
Project("{FAE04EC0-301F-11D3-BF4B-00C04F79EFBC}") = "DurableFunctionApp", "DurableFunctionApp\DurableFunctionApp.csproj", "{C1387271-F3C0-41A3-9249-C486695BFC62}"
EndProject
Global
	GlobalSection(SolutionConfigurationPlatforms) = preSolution
		Debug|Any CPU = Debug|Any CPU
		Release|Any CPU = Release|Any CPU
	EndGlobalSection
	GlobalSection(ProjectConfigurationPlatforms) = postSolution
		{C1387271-F3C0-41A3-9249-C486695BFC62}.Debug|Any CPU.ActiveCfg = Debug|Any CPU
		{C1387271-F3C0-41A3-9249-C486695BFC62}.Debug|Any CPU.Build.0 = Debug|Any CPU
		{C1387271-F3C0-41A3-9249-C486695BFC62}.Release|Any CPU.ActiveCfg = Release|Any CPU
		{C1387271-F3C0-41A3-9249-C486695BFC62}.Release|Any CPU.Build.0 = Release|Any CPU
	EndGlobalSection
	GlobalSection(SolutionProperties) = preSolution
		HideSolutionNode = FALSE
	EndGlobalSection
	GlobalSection(ExtensibilityGlobals) = postSolution
		SolutionGuid = {BA19469C-B353-4D84-ADE3-A3B02BA0280C}
	EndGlobalSection
EndGlobal
